
Microsoft Visual Studio Solution File, Format Version 12.00
# Visual Studio Version 16
VisualStudioVersion = 16.0.31624.102
MinimumVisualStudioVersion = 10.0.40219.1
Project("{FAE04EC0-301F-11D3-BF4B-00C04F79EFBC}") = "IDK", "IDK\IDK.csproj", "{11D20A84-085B-4699-B76F-C6115C02EAF1}"
EndProject
Global
	GlobalSection(SolutionConfigurationPlatforms) = preSolution
		Debug|Any CPU = Debug|Any CPU
		Release|Any CPU = Release|Any CPU
	EndGlobalSection
	GlobalSection(ProjectConfigurationPlatforms) = postSolution
		{11D20A84-085B-4699-B76F-C6115C02EAF1}.Debug|Any CPU.ActiveCfg = Debug|Any CPU
		{11D20A84-085B-4699-B76F-C6115C02EAF1}.Debug|Any CPU.Build.0 = Debug|Any CPU
		{11D20A84-085B-4699-B76F-C6115C02EAF1}.Release|Any CPU.ActiveCfg = Release|Any CPU
		{11D20A84-085B-4699-B76F-C6115C02EAF1}.Release|Any CPU.Build.0 = Release|Any CPU
	EndGlobalSection
	GlobalSection(SolutionProperties) = preSolution
		HideSolutionNode = FALSE
	EndGlobalSection
	GlobalSection(ExtensibilityGlobals) = postSolution
		SolutionGuid = {4AEB6CB4-D9A4-4A01-AC37-AAC0A27DB23D}
	EndGlobalSection
EndGlobal
